{
  "name": "freehand",
  "version": "1.0.0",
  "lockfileVersion": 1,
  "requires": true,
  "dependencies": {
    "simple-slideshow": {
      "version": "2.1.0",
      "resolved": "https://registry.npmjs.org/simple-slideshow/-/simple-slideshow-2.1.0.tgz",
      "integrity": "sha512-aUmOVnsu/Qmv00H0QDZiGsPsuMvkRmFY3TId8IKrbOGRPaiZ7rJF6ITAeoFfOpcUQtSoVgvXwtil3U5LBabNcQ=="
    }
  }
}
